<?xml version="1.0" encoding="utf-8"?>
<Project ToolsVersion="4.0" xmlns="http://schemas.microsoft.com/developer/msbuild/2003">
  <ItemGroup>
    <Filter Include="Classes">
      <UniqueIdentifier>{fc5cb953-2953-4968-83b3-39e3ff951754}</UniqueIdentifier>
    </Filter>
    <Filter Include="win32">
      <UniqueIdentifier>{037a9a02-b906-4cc5-ad98-304acd4e25ee}</UniqueIdentifier>
    </Filter>
    <Filter Include="resource">
      <UniqueIdentifier>{2d1d0979-58cd-4ab6-b91c-13650158f1fa}</UniqueIdentifier>
    </Filter>
  </ItemGroup>
  <ItemGroup>
    <ClInclude Include="..\Classes\AppDelegate.h">
      <Filter>Classes</Filter>
    </ClInclude>
    <ClInclude Include="main.h">
      <Filter>win32</Filter>
    </ClInclude>
    <ClInclude Include="resource.h" />
    <ClInclude Include="SimulatorWin.h" />
    <ClInclude Include="stdafx.h">
      <Filter>win32</Filter>
    </ClInclude>
    <ClInclude Include="targetver.h">
      <Filter>win32</Filter>
    </ClInclude>
    <ClInclude Include="..\Classes\pbc\pbc-lua.h" />
    <ClInclude Include="..\Classes\pbc\src\alloc.h" />
    <ClInclude Include="..\Classes\pbc\src\array.h" />
    <ClInclude Include="..\Classes\pbc\src\bootstrap.h" />
    <ClInclude Include="..\Classes\pbc\src\context.h" />
    <ClInclude Include="..\Classes\pbc\src\descriptor.pbc.h" />
    <ClInclude Include="..\Classes\pbc\src\map.h" />
    <ClInclude Include="..\Classes\pbc\src\pattern.h" />
    <ClInclude Include="..\Classes\pbc\src\pbc.h" />
    <ClInclude Include="..\Classes\pbc\src\proto.h" />
    <ClInclude Include="..\Classes\pbc\src\stringpool.h" />
    <ClInclude Include="..\Classes\pbc\src\varint.h" />
  </ItemGroup>
  <ItemGroup>
    <ClCompile Include="..\Classes\AppDelegate.cpp">
      <Filter>Classes</Filter>
    </ClCompile>
    <ClCompile Include="main.cpp">
      <Filter>win32</Filter>
    </ClCompile>
    <ClCompile Include="SimulatorWin.cpp" />
    <ClCompile Include="stdafx.cpp">
      <Filter>win32</Filter>
    </ClCompile>
    <ClCompile Include="..\Classes\pbc\pbc-lua.c" />
    <ClCompile Include="..\Classes\pbc\src\alloc.c" />
    <ClCompile Include="..\Classes\pbc\src\array.c" />
    <ClCompile Include="..\Classes\pbc\src\bootstrap.c" />
    <ClCompile Include="..\Classes\pbc\src\context.c" />
    <ClCompile Include="..\Classes\pbc\src\decode.c" />
    <ClCompile Include="..\Classes\pbc\src\map.c" />
    <ClCompile Include="..\Classes\pbc\src\pattern.c" />
    <ClCompile Include="..\Classes\pbc\src\proto.c" />
    <ClCompile Include="..\Classes\pbc\src\register.c" />
    <ClCompile Include="..\Classes\pbc\src\rmessage.c" />
    <ClCompile Include="..\Classes\pbc\src\stringpool.c" />
    <ClCompile Include="..\Classes\pbc\src\varint.c" />
    <ClCompile Include="..\Classes\pbc\src\wmessage.c" />
  </ItemGroup>
  <ItemGroup>
    <ResourceCompile Include="game.rc">
      <Filter>resource</Filter>
    </ResourceCompile>
  </ItemGroup>
  <ItemGroup>
    <Image Include="res\game.ico" />
  </ItemGroup>
</Project>